// !$*UTF8*$!
{
	archiveVersion = 1;
	classes = {
	};
	objectVersion = 50;
	objects = {

/* Begin PBXBuildFile section */
		D2462ECB25949B9D0097E1B1 /* AppDelegate.swift in Sources */ = {isa = PBXBuildFile; fileRef = D2462ECA25949B9D0097E1B1 /* AppDelegate.swift */; };
		D2462ECD25949B9D0097E1B1 /* art.scnassets in Resources */ = {isa = PBXBuildFile; fileRef = D2462ECC25949B9D0097E1B1 /* art.scnassets */; };
		D2462ECF25949B9D0097E1B1 /* ViewController.swift in Sources */ = {isa = PBXBuildFile; fileRef = D2462ECE25949B9D0097E1B1 /* ViewController.swift */; };
		D2462ED225949B9D0097E1B1 /* Main.storyboard in Resources */ = {isa = PBXBuildFile; fileRef = D2462ED025949B9D0097E1B1 /* Main.storyboard */; };
		D2462ED425949B9E0097E1B1 /* Assets.xcassets in Resources */ = {isa = PBXBuildFile; fileRef = D2462ED325949B9E0097E1B1 /* Assets.xcassets */; };
		D2462ED725949B9E0097E1B1 /* LaunchScreen.storyboard in Resources */ = {isa = PBXBuildFile; fileRef = D2462ED525949B9E0097E1B1 /* LaunchScreen.storyboard */; };
		D2462EE225949B9E0097E1B1 /* actionClassFilerTestTests.swift in Sources */ = {isa = PBXBuildFile; fileRef = D2462EE125949B9E0097E1B1 /* actionClassFilerTestTests.swift */; };
		D2462EED25949B9E0097E1B1 /* actionClassFilerTestUITests.swift in Sources */ = {isa = PBXBuildFile; fileRef = D2462EEC25949B9E0097E1B1 /* actionClassFilerTestUITests.swift */; };
		D2462F0D2594B98E0097E1B1 /* banzai.mlmodel in Sources */ = {isa = PBXBuildFile; fileRef = D2462F0C2594B98E0097E1B1 /* banzai.mlmodel */; };
/* End PBXBuildFile section */

/* Begin PBXContainerItemProxy section */
		D2462EDE25949B9E0097E1B1 /* PBXContainerItemProxy */ = {
			isa = PBXContainerItemProxy;
			containerPortal = D2462EBF25949B9D0097E1B1 /* Project object */;
			proxyType = 1;
			remoteGlobalIDString = D2462EC625949B9D0097E1B1;
			remoteInfo = actionClassFilerTest;
		};
		D2462EE925949B9E0097E1B1 /* PBXContainerItemProxy */ = {
			isa = PBXContainerItemProxy;
			containerPortal = D2462EBF25949B9D0097E1B1 /* Project object */;
			proxyType = 1;
			remoteGlobalIDString = D2462EC625949B9D0097E1B1;
			remoteInfo = actionClassFilerTest;
		};
/* End PBXContainerItemProxy section */

/* Begin PBXFileReference section */
		D2462EC725949B9D0097E1B1 /* actionClassFilerTest.app */ = {isa = PBXFileReference; explicitFileType = wrapper.application; includeInIndex = 0; path = actionClassFilerTest.app; sourceTree = BUILT_PRODUCTS_DIR; };
		D2462ECA25949B9D0097E1B1 /* AppDelegate.swift */ = {isa = PBXFileReference; lastKnownFileType = sourcecode.swift; path = AppDelegate.swift; sourceTree = "<group>"; };
		D2462ECC25949B9D0097E1B1 /* art.scnassets */ = {isa = PBXFileReference; lastKnownFileType = wrapper.scnassets; path = art.scnassets; sourceTree = "<group>"; };
		D2462ECE25949B9D0097E1B1 /* ViewController.swift */ = {isa = PBXFileReference; lastKnownFileType = sourcecode.swift; path = ViewController.swift; sourceTree = "<group>"; };
		D2462ED125949B9D0097E1B1 /* Base */ = {isa = PBXFileReference; lastKnownFileType = file.storyboard; name = Base; path = Base.lproj/Main.storyboard; sourceTree = "<group>"; };
		D2462ED325949B9E0097E1B1 /* Assets.xcassets */ = {isa = PBXFileReference; lastKnownFileType = folder.assetcatalog; path = Assets.xcassets; sourceTree = "<group>"; };
		D2462ED625949B9E0097E1B1 /* Base */ = {isa = PBXFileReference; lastKnownFileType = file.storyboard; name = Base; path = Base.lproj/LaunchScreen.storyboard; sourceTree = "<group>"; };
		D2462ED825949B9E0097E1B1 /* Info.plist */ = {isa = PBXFileReference; lastKnownFileType = text.plist.xml; path = Info.plist; sourceTree = "<group>"; };
		D2462EDD25949B9E0097E1B1 /* actionClassFilerTestTests.xctest */ = {isa = PBXFileReference; explicitFileType = wrapper.cfbundle; includeInIndex = 0; path = actionClassFilerTestTests.xctest; sourceTree = BUILT_PRODUCTS_DIR; };
		D2462EE125949B9E0097E1B1 /* actionClassFilerTestTests.swift */ = {isa = PBXFileReference; lastKnownFileType = sourcecode.swift; path = actionClassFilerTestTests.swift; sourceTree = "<group>"; };
		D2462EE325949B9E0097E1B1 /* Info.plist */ = {isa = PBXFileReference; lastKnownFileType = text.plist.xml; path = Info.plist; sourceTree = "<group>"; };
		D2462EE825949B9E0097E1B1 /* actionClassFilerTestUITests.xctest */ = {isa = PBXFileReference; explicitFileType = wrapper.cfbundle; includeInIndex = 0; path = actionClassFilerTestUITests.xctest; sourceTree = BUILT_PRODUCTS_DIR; };
		D2462EEC25949B9E0097E1B1 /* actionClassFilerTestUITests.swift */ = {isa = PBXFileReference; lastKnownFileType = sourcecode.swift; path = actionClassFilerTestUITests.swift; sourceTree = "<group>"; };
		D2462EEE25949B9E0097E1B1 /* Info.plist */ = {isa = PBXFileReference; lastKnownFileType = text.plist.xml; path = Info.plist; sourceTree = "<group>"; };
		D2462F0C2594B98E0097E1B1 /* banzai.mlmodel */ = {isa = PBXFileReference; lastKnownFileType = file.mlmodel; path = banzai.mlmodel; sourceTree = "<group>"; };
/* End PBXFileReference section */

/* Begin PBXFrameworksBuildPhase section */
		D2462EC425949B9D0097E1B1 /* Frameworks */ = {
			isa = PBXFrameworksBuildPhase;
			buildActionMask = 2147483647;
			files = (
			);
			runOnlyForDeploymentPostprocessing = 0;
		};
		D2462EDA25949B9E0097E1B1 /* Frameworks */ = {
			isa = PBXFrameworksBuildPhase;
			buildActionMask = 2147483647;
			files = (
			);
			runOnlyForDeploymentPostprocessing = 0;
		};
		D2462EE525949B9E0097E1B1 /* Frameworks */ = {
			isa = PBXFrameworksBuildPhase;
			buildActionMask = 2147483647;
			files = (
			);
			runOnlyForDeploymentPostprocessing = 0;
		};
/* End PBXFrameworksBuildPhase section */

/* Begin PBXGroup section */
		D2462EBE25949B9D0097E1B1 = {
			isa = PBXGroup;
			children = (
				D2462EC925949B9D0097E1B1 /* actionClassFilerTest */,
				D2462EE025949B9E0097E1B1 /* actionClassFilerTestTests */,
				D2462EEB25949B9E0097E1B1 /* actionClassFilerTestUITests */,
				D2462EC825949B9D0097E1B1 /* Products */,
			);
			sourceTree = "<group>";
		};
		D2462EC825949B9D0097E1B1 /* Products */ = {
			isa = PBXGroup;
			children = (
				D2462EC725949B9D0097E1B1 /* actionClassFilerTest.app */,
				D2462EDD25949B9E0097E1B1 /* actionClassFilerTestTests.xctest */,
				D2462EE825949B9E0097E1B1 /* actionClassFilerTestUITests.xctest */,
			);
			name = Products;
			sourceTree = "<group>";
		};
		D2462EC925949B9D0097E1B1 /* actionClassFilerTest */ = {
			isa = PBXGroup;
			children = (
				D2462F0C2594B98E0097E1B1 /* banzai.mlmodel */,
				D2462ECA25949B9D0097E1B1 /* AppDelegate.swift */,
				D2462ECC25949B9D0097E1B1 /* art.scnassets */,
				D2462ECE25949B9D0097E1B1 /* ViewController.swift */,
				D2462ED025949B9D0097E1B1 /* Main.storyboard */,
				D2462ED325949B9E0097E1B1 /* Assets.xcassets */,
				D2462ED525949B9E0097E1B1 /* LaunchScreen.storyboard */,
				D2462ED825949B9E0097E1B1 /* Info.plist */,
			);
			path = actionClassFilerTest;
			sourceTree = "<group>";
		};
		D2462EE025949B9E0097E1B1 /* actionClassFilerTestTests */ = {
			isa = PBXGroup;
			children = (
				D2462EE125949B9E0097E1B1 /* actionClassFilerTestTests.swift */,
				D2462EE325949B9E0097E1B1 /* Info.plist */,
			);
			path = actionClassFilerTestTests;
			sourceTree = "<group>";
		};
		D2462EEB25949B9E0097E1B1 /* actionClassFilerTestUITests */ = {
			isa = PBXGroup;
			children = (
				D2462EEC25949B9E0097E1B1 /* actionClassFilerTestUITests.swift */,
				D2462EEE25949B9E0097E1B1 /* Info.plist */,
			);
			path = actionClassFilerTestUITests;
			sourceTree = "<group>";
		};
/* End PBXGroup section */

/* Begin PBXNativeTarget section */
		D2462EC625949B9D0097E1B1 /* actionClassFilerTest */ = {
			isa = PBXNativeTarget;
			buildConfigurationList = D2462EF125949B9E0097E1B1 /* Build configuration list for PBXNativeTarget "actionClassFilerTest" */;
			buildPhases = (
				D2462EC325949B9D0097E1B1 /* Sources */,
				D2462EC425949B9D0097E1B1 /* Frameworks */,
				D2462EC525949B9D0097E1B1 /* Resources */,
			);
			buildRules = (
			);
			dependencies = (
			);
			name = actionClassFilerTest;
			productName = actionClassFilerTest;
			productReference = D2462EC725949B9D0097E1B1 /* actionClassFilerTest.app */;
			productType = "com.apple.product-type.application";
		};
		D2462EDC25949B9E0097E1B1 /* actionClassFilerTestTests */ = {
			isa = PBXNativeTarget;
			buildConfigurationList = D2462EF425949B9E0097E1B1 /* Build configuration list for PBXNativeTarget "actionClassFilerTestTests" */;
			buildPhases = (
				D2462ED925949B9E0097E1B1 /* Sources */,
				D2462EDA25949B9E0097E1B1 /* Frameworks */,
				D2462EDB25949B9E0097E1B1 /* Resources */,
			);
			buildRules = (
			);
			dependencies = (
				D2462EDF25949B9E0097E1B1 /* PBXTargetDependency */,
			);
			name = actionClassFilerTestTests;
			productName = actionClassFilerTestTests;
			productReference = D2462EDD25949B9E0097E1B1 /* actionClassFilerTestTests.xctest */;
			productType = "com.apple.product-type.bundle.unit-test";
		};
		D2462EE725949B9E0097E1B1 /* actionClassFilerTestUITests */ = {
			isa = PBXNativeTarget;
			buildConfigurationList = D2462EF725949B9E0097E1B1 /* Build configuration list for PBXNativeTarget "actionClassFilerTestUITests" */;
			buildPhases = (
				D2462EE425949B9E0097E1B1 /* Sources */,
				D2462EE525949B9E0097E1B1 /* Frameworks */,
				D2462EE625949B9E0097E1B1 /* Resources */,
			);
			buildRules = (
			);
			dependencies = (
				D2462EEA25949B9E0097E1B1 /* PBXTargetDependency */,
			);
			name = actionClassFilerTestUITests;
			productName = actionClassFilerTestUITests;
			productReference = D2462EE825949B9E0097E1B1 /* actionClassFilerTestUITests.xctest */;
			productType = "com.apple.product-type.bundle.ui-testing";
		};
/* End PBXNativeTarget section */

/* Begin PBXProject section */
		D2462EBF25949B9D0097E1B1 /* Project object */ = {
			isa = PBXProject;
			attributes = {
				LastSwiftUpdateCheck = 1230;
				LastUpgradeCheck = 1230;
				TargetAttributes = {
					D2462EC625949B9D0097E1B1 = {
						CreatedOnToolsVersion = 12.3;
					};
					D2462EDC25949B9E0097E1B1 = {
						CreatedOnToolsVersion = 12.3;
						TestTargetID = D2462EC625949B9D0097E1B1;
					};
					D2462EE725949B9E0097E1B1 = {
						CreatedOnToolsVersion = 12.3;
						TestTargetID = D2462EC625949B9D0097E1B1;
					};
				};
			};
			buildConfigurationList = D2462EC225949B9D0097E1B1 /* Build configuration list for PBXProject "actionClassFilerTest" */;
			compatibilityVersion = "Xcode 9.3";
			developmentRegion = en;
			hasScannedForEncodings = 0;
			knownRegions = (
				en,
				Base,
			);
			mainGroup = D2462EBE25949B9D0097E1B1;
			productRefGroup = D2462EC825949B9D0097E1B1 /* Products */;
			projectDirPath = "";
			projectRoot = "";
			targets = (
				D2462EC625949B9D0097E1B1 /* actionClassFilerTest */,
				D2462EDC25949B9E0097E1B1 /* actionClassFilerTestTests */,
				D2462EE725949B9E0097E1B1 /* actionClassFilerTestUITests */,
			);
		};
/* End PBXProject section */

/* Begin PBXResourcesBuildPhase section */
		D2462EC525949B9D0097E1B1 /* Resources */ = {
			isa = PBXResourcesBuildPhase;
			buildActionMask = 2147483647;
			files = (
				D2462ECD25949B9D0097E1B1 /* art.scnassets in Resources */,
				D2462ED725949B9E0097E1B1 /* LaunchScreen.storyboard in Resources */,
				D2462ED425949B9E0097E1B1 /* Assets.xcassets in Resources */,
				D2462ED225949B9D0097E1B1 /* Main.storyboard in Resources */,
			);
			runOnlyForDeploymentPostprocessing = 0;
		};
		D2462EDB25949B9E0097E1B1 /* Resources */ = {
			isa = PBXResourcesBuildPhase;
			buildActionMask = 2147483647;
			files = (
			);
			runOnlyForDeploymentPostprocessing = 0;
		};
		D2462EE625949B9E0097E1B1 /* Resources */ = {
			isa = PBXResourcesBuildPhase;
			buildActionMask = 2147483647;
			files = (
			);
			runOnlyForDeploymentPostprocessing = 0;
		};
/* End PBXResourcesBuildPhase section */

/* Begin PBXSourcesBuildPhase section */
		D2462EC325949B9D0097E1B1 /* Sources */ = {
			isa = PBXSourcesBuildPhase;
			buildActionMask = 2147483647;
			files = (
				D2462ECF25949B9D0097E1B1 /* ViewController.swift in Sources */,
				D2462ECB25949B9D0097E1B1 /* AppDelegate.swift in Sources */,
				D2462F0D2594B98E0097E1B1 /* banzai.mlmodel in Sources */,
			);
			runOnlyForDeploymentPostprocessing = 0;
		};
		D2462ED925949B9E0097E1B1 /* Sources */ = {
			isa = PBXSourcesBuildPhase;
			buildActionMask = 2147483647;
			files = (
				D2462EE225949B9E0097E1B1 /* actionClassFilerTestTests.swift in Sources */,
			);
			runOnlyForDeploymentPostprocessing = 0;
		};
		D2462EE425949B9E0097E1B1 /* Sources */ = {
			isa = PBXSourcesBuildPhase;
			buildActionMask = 2147483647;
			files = (
				D2462EED25949B9E0097E1B1 /* actionClassFilerTestUITests.swift in Sources */,
			);
			runOnlyForDeploymentPostprocessing = 0;
		};
/* End PBXSourcesBuildPhase section */

/* Begin PBXTargetDependency section */
		D2462EDF25949B9E0097E1B1 /* PBXTargetDependency */ = {
			isa = PBXTargetDependency;
			target = D2462EC625949B9D0097E1B1 /* actionClassFilerTest */;
			targetProxy = D2462EDE25949B9E0097E1B1 /* PBXContainerItemProxy */;
		};
		D2462EEA25949B9E0097E1B1 /* PBXTargetDependency */ = {
			isa = PBXTargetDependency;
			target = D2462EC625949B9D0097E1B1 /* actionClassFilerTest */;
			targetProxy = D2462EE925949B9E0097E1B1 /* PBXContainerItemProxy */;
		};
/* End PBXTargetDependency section */

/* Begin PBXVariantGroup section */
		D2462ED025949B9D0097E1B1 /* Main.storyboard */ = {
			isa = PBXVariantGroup;
			children = (
				D2462ED125949B9D0097E1B1 /* Base */,
			);
			name = Main.storyboard;
			sourceTree = "<group>";
		};
		D2462ED525949B9E0097E1B1 /* LaunchScreen.storyboard */ = {
			isa = PBXVariantGroup;
			children = (
				D2462ED625949B9E0097E1B1 /* Base */,
			);
			name = LaunchScreen.storyboard;
			sourceTree = "<group>";
		};
/* End PBXVariantGroup section */

/* Begin XCBuildConfiguration section */
		D2462EEF25949B9E0097E1B1 /* Debug */ = {
			isa = XCBuildConfiguration;
			buildSettings = {
				ALWAYS_SEARCH_USER_PATHS = NO;
				CLANG_ANALYZER_NONNULL = YES;
				CLANG_ANALYZER_NUMBER_OBJECT_CONVERSION = YES_AGGRESSIVE;
				CLANG_CXX_LANGUAGE_STANDARD = "gnu++14";
				CLANG_CXX_LIBRARY = "libc++";
				CLANG_ENABLE_MODULES = YES;
				CLANG_ENABLE_OBJC_ARC = YES;
				CLANG_ENABLE_OBJC_WEAK = YES;
				CLANG_WARN_BLOCK_CAPTURE_AUTORELEASING = YES;
				CLANG_WARN_BOOL_CONVERSION = YES;
				CLANG_WARN_COMMA = YES;
				CLANG_WARN_CONSTANT_CONVERSION = YES;
				CLANG_WARN_DEPRECATED_OBJC_IMPLEMENTATIONS = YES;
				CLANG_WARN_DIRECT_OBJC_ISA_USAGE = YES_ERROR;
				CLANG_WARN_DOCUMENTATION_COMMENTS = YES;
				CLANG_WARN_EMPTY_BODY = YES;
				CLANG_WARN_ENUM_CONVERSION = YES;
				CLANG_WARN_INFINITE_RECURSION = YES;
				CLANG_WARN_INT_CONVERSION = YES;
				CLANG_WARN_NON_LITERAL_NULL_CONVERSION = YES;
				CLANG_WARN_OBJC_IMPLICIT_RETAIN_SELF = YES;
				CLANG_WARN_OBJC_LITERAL_CONVERSION = YES;
				CLANG_WARN_OBJC_ROOT_CLASS = YES_ERROR;
				CLANG_WARN_QUOTED_INCLUDE_IN_FRAMEWORK_HEADER = YES;
				CLANG_WARN_RANGE_LOOP_ANALYSIS = YES;
				CLANG_WARN_STRICT_PROTOTYPES = YES;
				CLANG_WARN_SUSPICIOUS_MOVE = YES;
				CLANG_WARN_UNGUARDED_AVAILABILITY = YES_AGGRESSIVE;
				CLANG_WARN_UNREACHABLE_CODE = YES;
				CLANG_WARN__DUPLICATE_METHOD_MATCH = YES;
				COPY_PHASE_STRIP = NO;
				DEBUG_INFORMATION_FORMAT = dwarf;
				ENABLE_STRICT_OBJC_MSGSEND = YES;
				ENABLE_TESTABILITY = YES;
				GCC_C_LANGUAGE_STANDARD = gnu11;
				GCC_DYNAMIC_NO_PIC = NO;
				GCC_NO_COMMON_BLOCKS = YES;
				GCC_OPTIMIZATION_LEVEL = 0;
				GCC_PREPROCESSOR_DEFINITIONS = (
					"DEBUG=1",
					"$(inherited)",
				);
				GCC_WARN_64_TO_32_BIT_CONVERSION = YES;
				GCC_WARN_ABOUT_RETURN_TYPE = YES_ERROR;
				GCC_WARN_UNDECLARED_SELECTOR = YES;
				GCC_WARN_UNINITIALIZED_AUTOS = YES_AGGRESSIVE;
				GCC_WARN_UNUSED_FUNCTION = YES;
				GCC_WARN_UNUSED_VARIABLE = YES;
				IPHONEOS_DEPLOYMENT_TARGET = 14.3;
				MTL_ENABLE_DEBUG_INFO = INCLUDE_SOURCE;
				MTL_FAST_MATH = YES;
				ONLY_ACTIVE_ARCH = YES;
				SDKROOT = iphoneos;
				SWIFT_ACTIVE_COMPILATION_CONDITIONS = DEBUG;
				SWIFT_OPTIMIZATION_LEVEL = "-Onone";
			};
			name = Debug;
		};
		D2462EF025949B9E0097E1B1 /* Release */ = {
			isa = XCBuildConfiguration;
			buildSettings = {
				ALWAYS_SEARCH_USER_PATHS = NO;
				CLANG_ANALYZER_NONNULL = YES;
				CLANG_ANALYZER_NUMBER_OBJECT_CONVERSION = YES_AGGRESSIVE;
				CLANG_CXX_LANGUAGE_STANDARD = "gnu++14";
				CLANG_CXX_LIBRARY = "libc++";
				CLANG_ENABLE_MODULES = YES;
				CLANG_ENABLE_OBJC_ARC = YES;
				CLANG_ENABLE_OBJC_WEAK = YES;
				CLANG_WARN_BLOCK_CAPTURE_AUTORELEASING = YES;
				CLANG_WARN_BOOL_CONVERSION = YES;
				CLANG_WARN_COMMA = YES;
				CLANG_WARN_CONSTANT_CONVERSION = YES;
				CLANG_WARN_DEPRECATED_OBJC_IMPLEMENTATIONS = YES;
				CLANG_WARN_DIRECT_OBJC_ISA_USAGE = YES_ERROR;
				CLANG_WARN_DOCUMENTATION_COMMENTS = YES;
				CLANG_WARN_EMPTY_BODY = YES;
				CLANG_WARN_ENUM_CONVERSION = YES;
				CLANG_WARN_INFINITE_RECURSION = YES;
				CLANG_WARN_INT_CONVERSION = YES;
				CLANG_WARN_NON_LITERAL_NULL_CONVERSION = YES;
				CLANG_WARN_OBJC_IMPLICIT_RETAIN_SELF = YES;
				CLANG_WARN_OBJC_LITERAL_CONVERSION = YES;
				CLANG_WARN_OBJC_ROOT_CLASS = YES_ERROR;
				CLANG_WARN_QUOTED_INCLUDE_IN_FRAMEWORK_HEADER = YES;
				CLANG_WARN_RANGE_LOOP_ANALYSIS = YES;
				CLANG_WARN_STRICT_PROTOTYPES = YES;
				CLANG_WARN_SUSPICIOUS_MOVE = YES;
				CLANG_WARN_UNGUARDED_AVAILABILITY = YES_AGGRESSIVE;
				CLANG_WARN_UNREACHABLE_CODE = YES;
				CLANG_WARN__DUPLICATE_METHOD_MATCH = YES;
				COPY_PHASE_STRIP = NO;
				DEBUG_INFORMATION_FORMAT = "dwarf-with-dsym";
				ENABLE_NS_ASSERTIONS = NO;
				ENABLE_STRICT_OBJC_MSGSEND = YES;
				GCC_C_LANGUAGE_STANDARD = gnu11;
				GCC_NO_COMMON_BLOCKS = YES;
				GCC_WARN_64_TO_32_BIT_CONVERSION = YES;
				GCC_WARN_ABOUT_RETURN_TYPE = YES_ERROR;
				GCC_WARN_UNDECLARED_SELECTOR = YES;
				GCC_WARN_UNINITIALIZED_AUTOS = YES_AGGRESSIVE;
				GCC_WARN_UNUSED_FUNCTION = YES;
				GCC_WARN_UNUSED_VARIABLE = YES;
				IPHONEOS_DEPLOYMENT_TARGET = 14.3;
				MTL_ENABLE_DEBUG_INFO = NO;
				MTL_FAST_MATH = YES;
				SDKROOT = iphoneos;
				SWIFT_COMPILATION_MODE = wholemodule;
				SWIFT_OPTIMIZATION_LEVEL = "-O";
				VALIDATE_PRODUCT = YES;
			};
			name = Release;
		};
		D2462EF225949B9E0097E1B1 /* Debug */ = {
			isa = XCBuildConfiguration;
			buildSettings = {
				ASSETCATALOG_COMPILER_APPICON_NAME = AppIcon;
				ASSETCATALOG_COMPILER_GLOBAL_ACCENT_COLOR_NAME = AccentColor;
				CODE_SIGN_STYLE = Automatic;
				DEVELOPMENT_TEAM = TCR23H3TBK;
				INFOPLIST_FILE = actionClassFilerTest/Info.plist;
				LD_RUNPATH_SEARCH_PATHS = (
					"$(inherited)",
					"@executable_path/Frameworks",
				);
				PRODUCT_BUNDLE_IDENTIFIER = test.actionClassFilerTest;
				PRODUCT_NAME = "$(TARGET_NAME)";
				SWIFT_VERSION = 5.0;
				TARGETED_DEVICE_FAMILY = "1,2";
			};
			name = Debug;
		};
		D2462EF325949B9E0097E1B1 /* Release */ = {
			isa = XCBuildConfiguration;
			buildSettings = {
				ASSETCATALOG_COMPILER_APPICON_NAME = AppIcon;
				ASSETCATALOG_COMPILER_GLOBAL_ACCENT_COLOR_NAME = AccentColor;
				CODE_SIGN_STYLE = Automatic;
				DEVELOPMENT_TEAM = TCR23H3TBK;
				INFOPLIST_FILE = actionClassFilerTest/Info.plist;
				LD_RUNPATH_SEARCH_PATHS = (
					"$(inherited)",
					"@executable_path/Frameworks",
				);
				PRODUCT_BUNDLE_IDENTIFIER = test.actionClassFilerTest;
				PRODUCT_NAME = "$(TARGET_NAME)";
				SWIFT_VERSION = 5.0;
				TARGETED_DEVICE_FAMILY = "1,2";
			};
			name = Release;
		};
		D2462EF525949B9E0097E1B1 /* Debug */ = {
			isa = XCBuildConfiguration;
			buildSettings = {
				ALWAYS_EMBED_SWIFT_STANDARD_LIBRARIES = YES;
				BUNDLE_LOADER = "$(TEST_HOST)";
				CODE_SIGN_STYLE = Automatic;
				DEVELOPMENT_TEAM = 6A48M89M2C;
				INFOPLIST_FILE = actionClassFilerTestTests/Info.plist;
				IPHONEOS_DEPLOYMENT_TARGET = 14.3;
				LD_RUNPATH_SEARCH_PATHS = (
					"$(inherited)",
					"@executable_path/Frameworks",
					"@loader_path/Frameworks",
				);
				PRODUCT_BUNDLE_IDENTIFIER = test.actionClassFilerTestTests;
				PRODUCT_NAME = "$(TARGET_NAME)";
				SWIFT_VERSION = 5.0;
				TARGETED_DEVICE_FAMILY = "1,2";
				TEST_HOST = "$(BUILT_PRODUCTS_DIR)/actionClassFilerTest.app/actionClassFilerTest";
			};
			name = Debug;
		};
		D2462EF625949B9E0097E1B1 /* Release */ = {
			isa = XCBuildConfiguration;
			buildSettings = {
				ALWAYS_EMBED_SWIFT_STANDARD_LIBRARIES = YES;
				BUNDLE_LOADER = "$(TEST_HOST)";
				CODE_SIGN_STYLE = Automatic;
				DEVELOPMENT_TEAM = 6A48M89M2C;
				INFOPLIST_FILE = actionClassFilerTestTests/Info.plist;
				IPHONEOS_DEPLOYMENT_TARGET = 14.3;
				LD_RUNPATH_SEARCH_PATHS = (
					"$(inherited)",
					"@executable_path/Frameworks",
					"@loader_path/Frameworks",
				);
				PRODUCT_BUNDLE_IDENTIFIER = test.actionClassFilerTestTests;
				PRODUCT_NAME = "$(TARGET_NAME)";
				SWIFT_VERSION = 5.0;
				TARGETED_DEVICE_FAMILY = "1,2";
				TEST_HOST = "$(BUILT_PRODUCTS_DIR)/actionClassFilerTest.app/actionClassFilerTest";
			};
			name = Release;
		};
		D2462EF825949B9E0097E1B1 /* Debug */ = {
			isa = XCBuildConfiguration;
			buildSettings = {
				ALWAYS_EMBED_SWIFT_STANDARD_LIBRARIES = YES;
				CODE_SIGN_STYLE = Automatic;
				DEVELOPMENT_TEAM = 6A48M89M2C;
				INFOPLIST_FILE = actionClassFilerTestUITests/Info.plist;
				LD_RUNPATH_SEARCH_PATHS = (
					"$(inherited)",
					"@executable_path/Frameworks",
					"@loader_path/Frameworks",
				);
				PRODUCT_BUNDLE_IDENTIFIER = test.actionClassFilerTestUITests;
				PRODUCT_NAME = "$(TARGET_NAME)";
				SWIFT_VERSION = 5.0;
				TARGETED_DEVICE_FAMILY = "1,2";
				TEST_TARGET_NAME = actionClassFilerTest;
			};
			name = Debug;
		};
		D2462EF925949B9E0097E1B1 /* Release */ = {
			isa = XCBuildConfiguration;
			buildSettings = {
				ALWAYS_EMBED_SWIFT_STANDARD_LIBRARIES = YES;
				CODE_SIGN_STYLE = Automatic;
				DEVELOPMENT_TEAM = 6A48M89M2C;
				INFOPLIST_FILE = actionClassFilerTestUITests/Info.plist;
				LD_RUNPATH_SEARCH_PATHS = (
					"$(inherited)",
					"@executable_path/Frameworks",
					"@loader_path/Frameworks",
				);
				PRODUCT_BUNDLE_IDENTIFIER = test.actionClassFilerTestUITests;
				PRODUCT_NAME = "$(TARGET_NAME)";
				SWIFT_VERSION = 5.0;
				TARGETED_DEVICE_FAMILY = "1,2";
				TEST_TARGET_NAME = actionClassFilerTest;
			};
			name = Release;
		};
/* End XCBuildConfiguration section */

/* Begin XCConfigurationList section */
		D2462EC225949B9D0097E1B1 /* Build configuration list for PBXProject "actionClassFilerTest" */ = {
			isa = XCConfigurationList;
			buildConfigurations = (
				D2462EEF25949B9E0097E1B1 /* Debug */,
				D2462EF025949B9E0097E1B1 /* Release */,
			);
			defaultConfigurationIsVisible = 0;
			defaultConfigurationName = Release;
		};
		D2462EF125949B9E0097E1B1 /* Build configuration list for PBXNativeTarget "actionClassFilerTest" */ = {
			isa = XCConfigurationList;
			buildConfigurations = (
				D2462EF225949B9E0097E1B1 /* Debug */,
				D2462EF325949B9E0097E1B1 /* Release */,
			);
			defaultConfigurationIsVisible = 0;
			defaultConfigurationName = Release;
		};
		D2462EF425949B9E0097E1B1 /* Build configuration list for PBXNativeTarget "actionClassFilerTestTests" */ = {
			isa = XCConfigurationList;
			buildConfigurations = (
				D2462EF525949B9E0097E1B1 /* Debug */,
				D2462EF625949B9E0097E1B1 /* Release */,
			);
			defaultConfigurationIsVisible = 0;
			defaultConfigurationName = Release;
		};
		D2462EF725949B9E0097E1B1 /* Build configuration list for PBXNativeTarget "actionClassFilerTestUITests" */ = {
			isa = XCConfigurationList;
			buildConfigurations = (
				D2462EF825949B9E0097E1B1 /* Debug */,
				D2462EF925949B9E0097E1B1 /* Release */,
			);
			defaultConfigurationIsVisible = 0;
			defaultConfigurationName = Release;
		};
/* End XCConfigurationList section */
	};
	rootObject = D2462EBF25949B9D0097E1B1 /* Project object */;
}
